
Microsoft Visual Studio Solution File, Format Version 12.00
# Visual Studio Version 16
VisualStudioVersion = 16.0.29209.62
MinimumVisualStudioVersion = 10.0.40219.1
Project("{9A19103F-16F7-4668-BE54-9A1E7A4F7556}") = "ImageToPdf", "ImageToPdf\ImageToPdf.csproj", "{6AFE5169-0E81-4DB3-B484-BED75247E520}"
EndProject
Project("{9A19103F-16F7-4668-BE54-9A1E7A4F7556}") = "ImageToPdfUsingPdfSharpCore", "ImageToPdfUsingPdfSharpCore\ImageToPdfUsingPdfSharpCore.csproj", "{119F91FB-F0DD-4E41-BDB1-90ADDB6658C3}"
EndProject
Project("{FAE04EC0-301F-11D3-BF4B-00C04F79EFBC}") = "ImageToPdfUsingITextSharp", "ImageToPdfUsingITextSharp\ImageToPdfUsingITextSharp.csproj", "{5D447AC7-2852-47E3-B76A-5B3ED18449DC}"
EndProject
Project("{FAE04EC0-301F-11D3-BF4B-00C04F79EFBC}") = "ImageToPdfTest", "ImageToPdfTest\ImageToPdfTest.csproj", "{B140EBBE-D2B4-4BF4-8F28-6B7354C2E1DD}"
EndProject
Global
	GlobalSection(SolutionConfigurationPlatforms) = preSolution
		Debug|Any CPU = Debug|Any CPU
		Release|Any CPU = Release|Any CPU
	EndGlobalSection
	GlobalSection(ProjectConfigurationPlatforms) = postSolution
		{6AFE5169-0E81-4DB3-B484-BED75247E520}.Debug|Any CPU.ActiveCfg = Debug|Any CPU
		{6AFE5169-0E81-4DB3-B484-BED75247E520}.Debug|Any CPU.Build.0 = Debug|Any CPU
		{6AFE5169-0E81-4DB3-B484-BED75247E520}.Release|Any CPU.ActiveCfg = Release|Any CPU
		{6AFE5169-0E81-4DB3-B484-BED75247E520}.Release|Any CPU.Build.0 = Release|Any CPU
		{119F91FB-F0DD-4E41-BDB1-90ADDB6658C3}.Debug|Any CPU.ActiveCfg = Debug|Any CPU
		{119F91FB-F0DD-4E41-BDB1-90ADDB6658C3}.Debug|Any CPU.Build.0 = Debug|Any CPU
		{119F91FB-F0DD-4E41-BDB1-90ADDB6658C3}.Release|Any CPU.ActiveCfg = Release|Any CPU
		{119F91FB-F0DD-4E41-BDB1-90ADDB6658C3}.Release|Any CPU.Build.0 = Release|Any CPU
		{5D447AC7-2852-47E3-B76A-5B3ED18449DC}.Debug|Any CPU.ActiveCfg = Debug|Any CPU
		{5D447AC7-2852-47E3-B76A-5B3ED18449DC}.Debug|Any CPU.Build.0 = Debug|Any CPU
		{5D447AC7-2852-47E3-B76A-5B3ED18449DC}.Release|Any CPU.ActiveCfg = Release|Any CPU
		{5D447AC7-2852-47E3-B76A-5B3ED18449DC}.Release|Any CPU.Build.0 = Release|Any CPU
		{B140EBBE-D2B4-4BF4-8F28-6B7354C2E1DD}.Debug|Any CPU.ActiveCfg = Debug|Any CPU
		{B140EBBE-D2B4-4BF4-8F28-6B7354C2E1DD}.Debug|Any CPU.Build.0 = Debug|Any CPU
		{B140EBBE-D2B4-4BF4-8F28-6B7354C2E1DD}.Release|Any CPU.ActiveCfg = Release|Any CPU
		{B140EBBE-D2B4-4BF4-8F28-6B7354C2E1DD}.Release|Any CPU.Build.0 = Release|Any CPU
	EndGlobalSection
	GlobalSection(SolutionProperties) = preSolution
		HideSolutionNode = FALSE
	EndGlobalSection
	GlobalSection(ExtensibilityGlobals) = postSolution
		SolutionGuid = {F3741CE6-08B6-4465-B0AC-9A5B32A3E711}
	EndGlobalSection
EndGlobal
